
Microsoft Visual Studio Solution File, Format Version 12.00
# Visual Studio Version 17
VisualStudioVersion = 17.0.31903.59
MinimumVisualStudioVersion = 10.0.40219.1
Project("{FAE04EC0-301F-11D3-BF4B-00C04F79EFBC}") = "UnterpSpringInterpolator", "UnterpSpringInterpolator\UnterpSpringInterpolator.csproj", "{C3A61F93-EC7D-4E9A-BA65-7743900A08AE}"
EndProject
Project("{FAE04EC0-301F-11D3-BF4B-00C04F79EFBC}") = "UnterpHawkuFilters", "UnterpHawkuFilters\UnterpHawkuFilters.csproj", "{38705C77-0D89-410B-A60C-5D9D3F0D7748}"
EndProject
Project("{FAE04EC0-301F-11D3-BF4B-00C04F79EFBC}") = "UnterpDevocubFilters", "UnterpDevocubFilters\UnterpDevocubFilters.csproj", "{563D80C0-C375-43A6-B1C6-AF647CE64C6F}"
EndProject
Project("{FAE04EC0-301F-11D3-BF4B-00C04F79EFBC}") = "UnterpBezierInterpolator", "UnterpBezierInterpolator\UnterpBezierInterpolator.csproj", "{FCF1B81A-62F1-486D-8B8A-1A5569FF6E41}"
EndProject
Global
	GlobalSection(SolutionConfigurationPlatforms) = preSolution
		Debug|Any CPU = Debug|Any CPU
		Release|Any CPU = Release|Any CPU
	EndGlobalSection
	GlobalSection(SolutionProperties) = preSolution
		HideSolutionNode = FALSE
	EndGlobalSection
	GlobalSection(ProjectConfigurationPlatforms) = postSolution
		{C3A61F93-EC7D-4E9A-BA65-7743900A08AE}.Debug|Any CPU.ActiveCfg = Debug|Any CPU
		{C3A61F93-EC7D-4E9A-BA65-7743900A08AE}.Debug|Any CPU.Build.0 = Debug|Any CPU
		{C3A61F93-EC7D-4E9A-BA65-7743900A08AE}.Release|Any CPU.ActiveCfg = Release|Any CPU
		{C3A61F93-EC7D-4E9A-BA65-7743900A08AE}.Release|Any CPU.Build.0 = Release|Any CPU
		{38705C77-0D89-410B-A60C-5D9D3F0D7748}.Debug|Any CPU.ActiveCfg = Debug|Any CPU
		{38705C77-0D89-410B-A60C-5D9D3F0D7748}.Debug|Any CPU.Build.0 = Debug|Any CPU
		{38705C77-0D89-410B-A60C-5D9D3F0D7748}.Release|Any CPU.ActiveCfg = Release|Any CPU
		{38705C77-0D89-410B-A60C-5D9D3F0D7748}.Release|Any CPU.Build.0 = Release|Any CPU
		{563D80C0-C375-43A6-B1C6-AF647CE64C6F}.Debug|Any CPU.ActiveCfg = Debug|Any CPU
		{563D80C0-C375-43A6-B1C6-AF647CE64C6F}.Debug|Any CPU.Build.0 = Debug|Any CPU
		{563D80C0-C375-43A6-B1C6-AF647CE64C6F}.Release|Any CPU.ActiveCfg = Release|Any CPU
		{563D80C0-C375-43A6-B1C6-AF647CE64C6F}.Release|Any CPU.Build.0 = Release|Any CPU
		{FCF1B81A-62F1-486D-8B8A-1A5569FF6E41}.Debug|Any CPU.ActiveCfg = Debug|Any CPU
		{FCF1B81A-62F1-486D-8B8A-1A5569FF6E41}.Debug|Any CPU.Build.0 = Debug|Any CPU
		{FCF1B81A-62F1-486D-8B8A-1A5569FF6E41}.Release|Any CPU.ActiveCfg = Release|Any CPU
		{FCF1B81A-62F1-486D-8B8A-1A5569FF6E41}.Release|Any CPU.Build.0 = Release|Any CPU
	EndGlobalSection
EndGlobal
